
Microsoft Visual Studio Solution File, Format Version 12.00
# Visual Studio Version 17
VisualStudioVersion = 17.3.32825.248
MinimumVisualStudioVersion = 10.0.40219.1
Project("{9A19103F-16F7-4668-BE54-9A1E7A4F7556}") = "AdminBlog", "AdminBlog\AdminBlog.csproj", "{9F5B10E7-E455-4A9A-A8C9-03A14D7B714E}"
EndProject
Global
	GlobalSection(SolutionConfigurationPlatforms) = preSolution
		Debug|Any CPU = Debug|Any CPU
		Release|Any CPU = Release|Any CPU
	EndGlobalSection
	GlobalSection(ProjectConfigurationPlatforms) = postSolution
		{9F5B10E7-E455-4A9A-A8C9-03A14D7B714E}.Debug|Any CPU.ActiveCfg = Debug|Any CPU
		{9F5B10E7-E455-4A9A-A8C9-03A14D7B714E}.Debug|Any CPU.Build.0 = Debug|Any CPU
		{9F5B10E7-E455-4A9A-A8C9-03A14D7B714E}.Release|Any CPU.ActiveCfg = Release|Any CPU
		{9F5B10E7-E455-4A9A-A8C9-03A14D7B714E}.Release|Any CPU.Build.0 = Release|Any CPU
	EndGlobalSection
	GlobalSection(SolutionProperties) = preSolution
		HideSolutionNode = FALSE
	EndGlobalSection
	GlobalSection(ExtensibilityGlobals) = postSolution
		SolutionGuid = {8A222A79-6B6D-4520-A936-6E8B5850DDD8}
	EndGlobalSection
EndGlobal
